{
  "version": 4,
  "terraform_version": "1.11.3",
  "serial": 202,
  "lineage": "570b8a74-83dc-35bb-3e01-76479db27780",
  "outputs": {
    "instance_public_ip": {
      "value": "3.215.142.84",
      "type": "string"
    }
  },
  "resources": [
    {
      "mode": "managed",
      "type": "aws_instance",
      "name": "kapil-instance",
      "provider": "provider[\"registry.terraform.io/hashicorp/aws\"]",
      "instances": [
        {
          "schema_version": 1,
          "attributes": {
            "ami": "ami-0fc5d935ebf8bc3bc",
            "arn": "arn:aws:ec2:us-east-1:851725360275:instance/i-05b9b4793d216287f",
            "associate_public_ip_address": true,
            "availability_zone": "us-east-1c",
            "capacity_reservation_specification": [
              {
                "capacity_reservation_preference": "open",
                "capacity_reservation_target": []
              }
            ],
            "cpu_core_count": 1,
            "cpu_options": [
              {
                "amd_sev_snp": "",
                "core_count": 1,
                "threads_per_core": 2
              }
            ],
            "cpu_threads_per_core": 2,
            "credit_specification": [
              {
                "cpu_credits": "unlimited"
              }
            ],
            "disable_api_stop": false,
            "disable_api_termination": false,
            "ebs_block_device": [],
            "ebs_optimized": false,
            "enclave_options": [
              {
                "enabled": false
              }
            ],
            "ephemeral_block_device": [],
            "get_password_data": false,
            "hibernation": false,
            "host_id": "",
            "host_resource_group_arn": null,
            "iam_instance_profile": "",
            "id": "i-05b9b4793d216287f",
            "instance_initiated_shutdown_behavior": "stop",
            "instance_lifecycle": "",
            "instance_market_options": [],
            "instance_state": "running",
            "instance_type": "t3.medium",
            "ipv6_address_count": 0,
            "ipv6_addresses": [],
            "key_name": "kapil-server",
            "launch_template": [],
            "maintenance_options": [
              {
                "auto_recovery": "default"
              }
            ],
            "metadata_options": [
              {
                "http_endpoint": "enabled",
                "http_protocol_ipv6": "disabled",
                "http_put_response_hop_limit": 1,
                "http_tokens": "optional",
                "instance_metadata_tags": "disabled"
              }
            ],
            "monitoring": false,
            "network_interface": [],
            "outpost_arn": "",
            "password_data": "",
            "placement_group": "",
            "placement_partition_number": 0,
            "primary_network_interface_id": "eni-0a9f1c72d7d022b18",
            "private_dns": "ip-172-31-9-66.ec2.internal",
            "private_dns_name_options": [
              {
                "enable_resource_name_dns_a_record": false,
                "enable_resource_name_dns_aaaa_record": false,
                "hostname_type": "ip-name"
              }
            ],
            "private_ip": "172.31.9.66",
            "public_dns": "ec2-3-215-142-84.compute-1.amazonaws.com",
            "public_ip": "3.215.142.84",
            "root_block_device": [
              {
                "delete_on_termination": true,
                "device_name": "/dev/sda1",
                "encrypted": false,
                "iops": 100,
                "kms_key_id": "",
                "tags": {},
                "throughput": 0,
                "volume_id": "vol-01988fe2eb29b19aa",
                "volume_size": 8,
                "volume_type": "gp2"
              }
            ],
            "secondary_private_ips": [],
            "security_groups": [
              "kapil-allow-ssh"
            ],
            "source_dest_check": true,
            "spot_instance_request_id": "",
            "subnet_id": "subnet-0dd4ab1feb27c14a2",
            "tags": {
              "Name": "kapil-server"
            },
            "tags_all": {
              "Name": "kapil-server"
            },
            "tenancy": "default",
            "timeouts": null,
            "user_data": "224c4b7b4e1fa43d57410667b8e05e913976e101",
            "user_data_base64": null,
            "user_data_replace_on_change": false,
            "volume_tags": null,
            "vpc_security_group_ids": [
              "sg-0d6459dfeaceb6512"
            ]
          },
          "sensitive_attributes": [],
          "private": "eyJlMmJmYjczMC1lY2FhLTExZTYtOGY4OC0zNDM2M2JjN2M0YzAiOnsiY3JlYXRlIjo2MDAwMDAwMDAwMDAsImRlbGV0ZSI6MTIwMDAwMDAwMDAwMCwidXBkYXRlIjo2MDAwMDAwMDAwMDB9LCJzY2hlbWFfdmVyc2lvbiI6IjEifQ==",
          "dependencies": [
            "aws_key_pair.kapil_key",
            "aws_security_group.kapil_sg"
          ]
        }
      ]
    },
    {
      "mode": "managed",
      "type": "aws_key_pair",
      "name": "kapil_key",
      "provider": "provider[\"registry.terraform.io/hashicorp/aws\"]",
      "instances": [
        {
          "schema_version": 1,
          "attributes": {
            "arn": "arn:aws:ec2:us-east-1:851725360275:key-pair/kapil-server",
            "fingerprint": "57:c6:00:93:cc:ab:1a:85:d3:12:b2:ed:25:45:b3:04",
            "id": "kapil-server",
            "key_name": "kapil-server",
            "key_name_prefix": "",
            "key_pair_id": "key-056561bf7cc2b7e0a",
            "key_type": "rsa",
            "public_key": "ssh-rsa AAAAB3NzaC1yc2EAAAADAQABAAACAQDMF9UVWN38RX/jcvydgXG1wG9fbxupBGEovLeoi9ODBk9UDgUfV/+c3HJDDAb9LIoBiGihuFG8O9MAZISVl58giZlhWldvI37U0xX+IyCZQYb1iW2ZZycKiLuq7UmKXokvAxgdR1O2nt2o5L6cHsDdFmD9pp8OULv5N8QYLNsJ4/RM63WQNFkDFKsBrDSXTlZyDMDRcQw1Vjco3y15sgdZDIqd6UIqjLJpIL+yo/LrpcZB85Npyhv4wmHpXwBFXpE8NOo0sNufQI403q+WWVYNYWNL+ttdQR+D56PD2FFocGkL/IEdLi8pGvfVFtKAK5uplsA0VS/fTLtsonqupxGS5B88PTuno3dPGKT2hzeiGXnBmhgcwFzxPxbbjp/NZAWOUCvtRwM6LtmxfR5vdRZc3hy/VeE4qy9voJhMLNHSOV5cvUkaJs6wwNI3yLc8uw8i0C9e/3mJWxb5OiOk+fjieXn48DLAvPVtX33NnWzZz4YYdh93KHMYvvl6XafmNNt/311nSXIRMrOxViAxJAcALuQO2TUv+5a1zOeFqNKDFa8Ch9IF4CtVRMdanvbKUxNPcJ4KOEOrocDRrXHYLcfxocHJykkSEZeiMv9TR5fWsFBxw+DiqbXLmglTVXdiO62EJ+7JTN0c510lrJLTvfEC/PxAEhBzW3Z4JnIVguKDPw== h4logen@jumpbox",
            "tags": null,
            "tags_all": {}
          },
          "sensitive_attributes": [],
          "private": "eyJzY2hlbWFfdmVyc2lvbiI6IjEifQ=="
        }
      ]
    },
    {
      "mode": "managed",
      "type": "aws_security_group",
      "name": "kapil_sg",
      "provider": "provider[\"registry.terraform.io/hashicorp/aws\"]",
      "instances": [
        {
          "schema_version": 1,
          "attributes": {
            "arn": "arn:aws:ec2:us-east-1:851725360275:security-group/sg-0d6459dfeaceb6512",
            "description": "Allow SSH inbound traffic",
            "egress": [
              {
                "cidr_blocks": [
                  "0.0.0.0/0"
                ],
                "description": "",
                "from_port": 0,
                "ipv6_cidr_blocks": [],
                "prefix_list_ids": [],
                "protocol": "-1",
                "security_groups": [],
                "self": false,
                "to_port": 0
              }
            ],
            "id": "sg-0d6459dfeaceb6512",
            "ingress": [
              {
                "cidr_blocks": [
                  "0.0.0.0/0"
                ],
                "description": "SSH from anywhere",
                "from_port": 22,
                "ipv6_cidr_blocks": [],
                "prefix_list_ids": [],
                "protocol": "tcp",
                "security_groups": [],
                "self": false,
                "to_port": 22
              }
            ],
            "name": "kapil-allow-ssh",
            "name_prefix": "",
            "owner_id": "851725360275",
            "revoke_rules_on_delete": false,
            "tags": {
              "Name": "kapil-allow-ssh"
            },
            "tags_all": {
              "Name": "kapil-allow-ssh"
            },
            "timeouts": null,
            "vpc_id": "vpc-0d17aea713268ea8d"
          },
          "sensitive_attributes": [],
          "private": "eyJlMmJmYjczMC1lY2FhLTExZTYtOGY4OC0zNDM2M2JjN2M0YzAiOnsiY3JlYXRlIjo2MDAwMDAwMDAwMDAsImRlbGV0ZSI6OTAwMDAwMDAwMDAwfSwic2NoZW1hX3ZlcnNpb24iOiIxIn0="
        }
      ]
    }
  ],
  "check_results": null
}
